// !$*UTF8*$!
{
	archiveVersion = 1;
	classes = {
	};
	objectVersion = 46;
	objects = {

/* Begin PBXBuildFile section */
		85A5EB861AE9557700CFE248 /* AppDelegate.swift in Sources */ = {isa = PBXBuildFile; fileRef = 85A5EB851AE9557700CFE248 /* AppDelegate.swift */; };
		85A5EB8A1AE9557700CFE248 /* GameScene.swift in Sources */ = {isa = PBXBuildFile; fileRef = 85A5EB891AE9557700CFE248 /* GameScene.swift */; };
		85A5EB8C1AE9557700CFE248 /* GameViewController.swift in Sources */ = {isa = PBXBuildFile; fileRef = 85A5EB8B1AE9557700CFE248 /* GameViewController.swift */; };
		85A5EB8F1AE9557700CFE248 /* Main.storyboard in Resources */ = {isa = PBXBuildFile; fileRef = 85A5EB8D1AE9557700CFE248 /* Main.storyboard */; };
		85A5EB911AE9557700CFE248 /* Images.xcassets in Resources */ = {isa = PBXBuildFile; fileRef = 85A5EB901AE9557700CFE248 /* Images.xcassets */; };
		85A5EB941AE9557700CFE248 /* LaunchScreen.xib in Resources */ = {isa = PBXBuildFile; fileRef = 85A5EB921AE9557700CFE248 /* LaunchScreen.xib */; };
		85A5EBA01AE9557700CFE248 /* SwiftInvadersTests.swift in Sources */ = {isa = PBXBuildFile; fileRef = 85A5EB9F1AE9557700CFE248 /* SwiftInvadersTests.swift */; };
		85A5EBAA1AE958CA00CFE248 /* StartGameScene.swift in Sources */ = {isa = PBXBuildFile; fileRef = 85A5EBA91AE958CA00CFE248 /* StartGameScene.swift */; };
		85A5EBB91AE95CFC00CFE248 /* CONQUEST.ttf in Resources */ = {isa = PBXBuildFile; fileRef = 85A5EBAC1AE95CFC00CFE248 /* CONQUEST.ttf */; };
		85A5EBBA1AE95CFC00CFE248 /* invader1.png in Resources */ = {isa = PBXBuildFile; fileRef = 85A5EBAD1AE95CFC00CFE248 /* invader1.png */; };
		85A5EBBB1AE95CFC00CFE248 /* invader2.png in Resources */ = {isa = PBXBuildFile; fileRef = 85A5EBAE1AE95CFC00CFE248 /* invader2.png */; };
		85A5EBBC1AE95CFC00CFE248 /* invader3.png in Resources */ = {isa = PBXBuildFile; fileRef = 85A5EBAF1AE95CFC00CFE248 /* invader3.png */; };
		85A5EBBD1AE95CFC00CFE248 /* laser.mp3 in Resources */ = {isa = PBXBuildFile; fileRef = 85A5EBB01AE95CFC00CFE248 /* laser.mp3 */; };
		85A5EBBE1AE95CFC00CFE248 /* laser.png in Resources */ = {isa = PBXBuildFile; fileRef = 85A5EBB11AE95CFC00CFE248 /* laser.png */; };
		85A5EBBF1AE95CFC00CFE248 /* newgamebtn.png in Resources */ = {isa = PBXBuildFile; fileRef = 85A5EBB21AE95CFC00CFE248 /* newgamebtn.png */; };
		85A5EBC01AE95CFC00CFE248 /* nextlevelbtn.png in Resources */ = {isa = PBXBuildFile; fileRef = 85A5EBB31AE95CFC00CFE248 /* nextlevelbtn.png */; };
		85A5EBC11AE95CFC00CFE248 /* player1.png in Resources */ = {isa = PBXBuildFile; fileRef = 85A5EBB41AE95CFC00CFE248 /* player1.png */; };
		85A5EBC21AE95CFC00CFE248 /* player2.png in Resources */ = {isa = PBXBuildFile; fileRef = 85A5EBB51AE95CFC00CFE248 /* player2.png */; };
		85A5EBC31AE95CFC00CFE248 /* star.png in Resources */ = {isa = PBXBuildFile; fileRef = 85A5EBB61AE95CFC00CFE248 /* star.png */; };
		85A5EBC41AE95CFC00CFE248 /* start_btn.png in Resources */ = {isa = PBXBuildFile; fileRef = 85A5EBB71AE95CFC00CFE248 /* start_btn.png */; };
		85A5EBC51AE95CFC00CFE248 /* ufo.png in Resources */ = {isa = PBXBuildFile; fileRef = 85A5EBB81AE95CFC00CFE248 /* ufo.png */; };
		85A5EBC71AE9905500CFE248 /* Invader.swift in Sources */ = {isa = PBXBuildFile; fileRef = 85A5EBC61AE9905500CFE248 /* Invader.swift */; };
		85A5EBC91AE9957F00CFE248 /* Player.swift in Sources */ = {isa = PBXBuildFile; fileRef = 85A5EBC81AE9957F00CFE248 /* Player.swift */; };
		85A5EBCB1AE9964C00CFE248 /* Bullet.swift in Sources */ = {isa = PBXBuildFile; fileRef = 85A5EBCA1AE9964C00CFE248 /* Bullet.swift */; };
		85A5EBD11AE996D900CFE248 /* InvaderBullet.swift in Sources */ = {isa = PBXBuildFile; fileRef = 85A5EBD01AE996D900CFE248 /* InvaderBullet.swift */; };
		85A5EBD31AE9970700CFE248 /* PlayerBullet.swift in Sources */ = {isa = PBXBuildFile; fileRef = 85A5EBD21AE9970700CFE248 /* PlayerBullet.swift */; };
		85A5EBD51AE998FD00CFE248 /* Utilities.swift in Sources */ = {isa = PBXBuildFile; fileRef = 85A5EBD41AE998FD00CFE248 /* Utilities.swift */; };
		85A5EBD71AE99DC700CFE248 /* LevelCompleteScene.swift in Sources */ = {isa = PBXBuildFile; fileRef = 85A5EBD61AE99DC700CFE248 /* LevelCompleteScene.swift */; };
		85A5EBDA1AE99EC100CFE248 /* StarField.sks in Resources */ = {isa = PBXBuildFile; fileRef = 85A5EBD81AE99EC100CFE248 /* StarField.sks */; };
		85A5EBDB1AE99EC100CFE248 /* spark.png in Resources */ = {isa = PBXBuildFile; fileRef = 85A5EBD91AE99EC100CFE248 /* spark.png */; };
		85A5EBDD1AE99FDB00CFE248 /* PulsatingText.swift in Sources */ = {isa = PBXBuildFile; fileRef = 85A5EBDC1AE99FDB00CFE248 /* PulsatingText.swift */; };
/* End PBXBuildFile section */

/* Begin PBXContainerItemProxy section */
		85A5EB9A1AE9557700CFE248 /* PBXContainerItemProxy */ = {
			isa = PBXContainerItemProxy;
			containerPortal = 85A5EB781AE9557700CFE248 /* Project object */;
			proxyType = 1;
			remoteGlobalIDString = 85A5EB7F1AE9557700CFE248;
			remoteInfo = SwiftInvaders;
		};
/* End PBXContainerItemProxy section */

/* Begin PBXFileReference section */
		85A5EB801AE9557700CFE248 /* SwiftInvaders.app */ = {isa = PBXFileReference; explicitFileType = wrapper.application; includeInIndex = 0; path = SwiftInvaders.app; sourceTree = BUILT_PRODUCTS_DIR; };
		85A5EB841AE9557700CFE248 /* Info.plist */ = {isa = PBXFileReference; lastKnownFileType = text.plist.xml; path = Info.plist; sourceTree = "<group>"; };
		85A5EB851AE9557700CFE248 /* AppDelegate.swift */ = {isa = PBXFileReference; lastKnownFileType = sourcecode.swift; path = AppDelegate.swift; sourceTree = "<group>"; };
		85A5EB891AE9557700CFE248 /* GameScene.swift */ = {isa = PBXFileReference; lastKnownFileType = sourcecode.swift; path = GameScene.swift; sourceTree = "<group>"; };
		85A5EB8B1AE9557700CFE248 /* GameViewController.swift */ = {isa = PBXFileReference; lastKnownFileType = sourcecode.swift; path = GameViewController.swift; sourceTree = "<group>"; };
		85A5EB8E1AE9557700CFE248 /* Base */ = {isa = PBXFileReference; lastKnownFileType = file.storyboard; name = Base; path = Base.lproj/Main.storyboard; sourceTree = "<group>"; };
		85A5EB901AE9557700CFE248 /* Images.xcassets */ = {isa = PBXFileReference; lastKnownFileType = folder.assetcatalog; path = Images.xcassets; sourceTree = "<group>"; };
		85A5EB931AE9557700CFE248 /* Base */ = {isa = PBXFileReference; lastKnownFileType = file.xib; name = Base; path = Base.lproj/LaunchScreen.xib; sourceTree = "<group>"; };
		85A5EB991AE9557700CFE248 /* SwiftInvadersTests.xctest */ = {isa = PBXFileReference; explicitFileType = wrapper.cfbundle; includeInIndex = 0; path = SwiftInvadersTests.xctest; sourceTree = BUILT_PRODUCTS_DIR; };
		85A5EB9E1AE9557700CFE248 /* Info.plist */ = {isa = PBXFileReference; lastKnownFileType = text.plist.xml; path = Info.plist; sourceTree = "<group>"; };
		85A5EB9F1AE9557700CFE248 /* SwiftInvadersTests.swift */ = {isa = PBXFileReference; lastKnownFileType = sourcecode.swift; path = SwiftInvadersTests.swift; sourceTree = "<group>"; };
		85A5EBA91AE958CA00CFE248 /* StartGameScene.swift */ = {isa = PBXFileReference; fileEncoding = 4; lastKnownFileType = sourcecode.swift; path = StartGameScene.swift; sourceTree = "<group>"; };
		85A5EBAC1AE95CFC00CFE248 /* CONQUEST.ttf */ = {isa = PBXFileReference; lastKnownFileType = file; path = CONQUEST.ttf; sourceTree = "<group>"; };
		85A5EBAD1AE95CFC00CFE248 /* invader1.png */ = {isa = PBXFileReference; lastKnownFileType = image.png; path = invader1.png; sourceTree = "<group>"; };
		85A5EBAE1AE95CFC00CFE248 /* invader2.png */ = {isa = PBXFileReference; lastKnownFileType = image.png; path = invader2.png; sourceTree = "<group>"; };
		85A5EBAF1AE95CFC00CFE248 /* invader3.png */ = {isa = PBXFileReference; lastKnownFileType = image.png; path = invader3.png; sourceTree = "<group>"; };
		85A5EBB01AE95CFC00CFE248 /* laser.mp3 */ = {isa = PBXFileReference; lastKnownFileType = audio.mp3; path = laser.mp3; sourceTree = "<group>"; };
		85A5EBB11AE95CFC00CFE248 /* laser.png */ = {isa = PBXFileReference; lastKnownFileType = image.png; path = laser.png; sourceTree = "<group>"; };
		85A5EBB21AE95CFC00CFE248 /* newgamebtn.png */ = {isa = PBXFileReference; lastKnownFileType = image.png; path = newgamebtn.png; sourceTree = "<group>"; };
		85A5EBB31AE95CFC00CFE248 /* nextlevelbtn.png */ = {isa = PBXFileReference; lastKnownFileType = image.png; path = nextlevelbtn.png; sourceTree = "<group>"; };
		85A5EBB41AE95CFC00CFE248 /* player1.png */ = {isa = PBXFileReference; lastKnownFileType = image.png; path = player1.png; sourceTree = "<group>"; };
		85A5EBB51AE95CFC00CFE248 /* player2.png */ = {isa = PBXFileReference; lastKnownFileType = image.png; path = player2.png; sourceTree = "<group>"; };
		85A5EBB61AE95CFC00CFE248 /* star.png */ = {isa = PBXFileReference; lastKnownFileType = image.png; path = star.png; sourceTree = "<group>"; };
		85A5EBB71AE95CFC00CFE248 /* start_btn.png */ = {isa = PBXFileReference; lastKnownFileType = image.png; path = start_btn.png; sourceTree = "<group>"; };
		85A5EBB81AE95CFC00CFE248 /* ufo.png */ = {isa = PBXFileReference; lastKnownFileType = image.png; path = ufo.png; sourceTree = "<group>"; };
		85A5EBC61AE9905500CFE248 /* Invader.swift */ = {isa = PBXFileReference; fileEncoding = 4; lastKnownFileType = sourcecode.swift; path = Invader.swift; sourceTree = "<group>"; };
		85A5EBC81AE9957F00CFE248 /* Player.swift */ = {isa = PBXFileReference; fileEncoding = 4; lastKnownFileType = sourcecode.swift; path = Player.swift; sourceTree = "<group>"; };
		85A5EBCA1AE9964C00CFE248 /* Bullet.swift */ = {isa = PBXFileReference; fileEncoding = 4; lastKnownFileType = sourcecode.swift; path = Bullet.swift; sourceTree = "<group>"; };
		85A5EBD01AE996D900CFE248 /* InvaderBullet.swift */ = {isa = PBXFileReference; fileEncoding = 4; lastKnownFileType = sourcecode.swift; path = InvaderBullet.swift; sourceTree = "<group>"; };
		85A5EBD21AE9970700CFE248 /* PlayerBullet.swift */ = {isa = PBXFileReference; fileEncoding = 4; lastKnownFileType = sourcecode.swift; path = PlayerBullet.swift; sourceTree = "<group>"; };
		85A5EBD41AE998FD00CFE248 /* Utilities.swift */ = {isa = PBXFileReference; fileEncoding = 4; lastKnownFileType = sourcecode.swift; path = Utilities.swift; sourceTree = "<group>"; };
		85A5EBD61AE99DC700CFE248 /* LevelCompleteScene.swift */ = {isa = PBXFileReference; fileEncoding = 4; lastKnownFileType = sourcecode.swift; path = LevelCompleteScene.swift; sourceTree = "<group>"; };
		85A5EBD81AE99EC100CFE248 /* StarField.sks */ = {isa = PBXFileReference; lastKnownFileType = file.sks; path = StarField.sks; sourceTree = "<group>"; };
		85A5EBD91AE99EC100CFE248 /* spark.png */ = {isa = PBXFileReference; lastKnownFileType = image.png; path = spark.png; sourceTree = "<group>"; };
		85A5EBDC1AE99FDB00CFE248 /* PulsatingText.swift */ = {isa = PBXFileReference; fileEncoding = 4; lastKnownFileType = sourcecode.swift; path = PulsatingText.swift; sourceTree = "<group>"; };
/* End PBXFileReference section */

/* Begin PBXFrameworksBuildPhase section */
		85A5EB7D1AE9557700CFE248 /* Frameworks */ = {
			isa = PBXFrameworksBuildPhase;
			buildActionMask = 2147483647;
			files = (
			);
			runOnlyForDeploymentPostprocessing = 0;
		};
		85A5EB961AE9557700CFE248 /* Frameworks */ = {
			isa = PBXFrameworksBuildPhase;
			buildActionMask = 2147483647;
			files = (
			);
			runOnlyForDeploymentPostprocessing = 0;
		};
/* End PBXFrameworksBuildPhase section */

/* Begin PBXGroup section */
		85A5EB771AE9557700CFE248 = {
			isa = PBXGroup;
			children = (
				85A5EB821AE9557700CFE248 /* SwiftInvaders */,
				85A5EB9C1AE9557700CFE248 /* SwiftInvadersTests */,
				85A5EB811AE9557700CFE248 /* Products */,
			);
			sourceTree = "<group>";
		};
		85A5EB811AE9557700CFE248 /* Products */ = {
			isa = PBXGroup;
			children = (
				85A5EB801AE9557700CFE248 /* SwiftInvaders.app */,
				85A5EB991AE9557700CFE248 /* SwiftInvadersTests.xctest */,
			);
			name = Products;
			sourceTree = "<group>";
		};
		85A5EB821AE9557700CFE248 /* SwiftInvaders */ = {
			isa = PBXGroup;
			children = (
				85A5EBAB1AE95CFC00CFE248 /* images */,
				85A5EB851AE9557700CFE248 /* AppDelegate.swift */,
				85A5EB891AE9557700CFE248 /* GameScene.swift */,
				85A5EBCA1AE9964C00CFE248 /* Bullet.swift */,
				85A5EBC81AE9957F00CFE248 /* Player.swift */,
				85A5EB8B1AE9557700CFE248 /* GameViewController.swift */,
				85A5EBA91AE958CA00CFE248 /* StartGameScene.swift */,
				85A5EBD41AE998FD00CFE248 /* Utilities.swift */,
				85A5EBC61AE9905500CFE248 /* Invader.swift */,
				85A5EB8D1AE9557700CFE248 /* Main.storyboard */,
				85A5EB901AE9557700CFE248 /* Images.xcassets */,
				85A5EB921AE9557700CFE248 /* LaunchScreen.xib */,
				85A5EB831AE9557700CFE248 /* Supporting Files */,
				85A5EBD01AE996D900CFE248 /* InvaderBullet.swift */,
				85A5EBD21AE9970700CFE248 /* PlayerBullet.swift */,
				85A5EBD61AE99DC700CFE248 /* LevelCompleteScene.swift */,
				85A5EBD81AE99EC100CFE248 /* StarField.sks */,
				85A5EBD91AE99EC100CFE248 /* spark.png */,
				85A5EBDC1AE99FDB00CFE248 /* PulsatingText.swift */,
			);
			path = SwiftInvaders;
			sourceTree = "<group>";
		};
		85A5EB831AE9557700CFE248 /* Supporting Files */ = {
			isa = PBXGroup;
			children = (
				85A5EB841AE9557700CFE248 /* Info.plist */,
			);
			name = "Supporting Files";
			sourceTree = "<group>";
		};
		85A5EB9C1AE9557700CFE248 /* SwiftInvadersTests */ = {
			isa = PBXGroup;
			children = (
				85A5EB9F1AE9557700CFE248 /* SwiftInvadersTests.swift */,
				85A5EB9D1AE9557700CFE248 /* Supporting Files */,
			);
			path = SwiftInvadersTests;
			sourceTree = "<group>";
		};
		85A5EB9D1AE9557700CFE248 /* Supporting Files */ = {
			isa = PBXGroup;
			children = (
				85A5EB9E1AE9557700CFE248 /* Info.plist */,
			);
			name = "Supporting Files";
			sourceTree = "<group>";
		};
		85A5EBAB1AE95CFC00CFE248 /* images */ = {
			isa = PBXGroup;
			children = (
				85A5EBAC1AE95CFC00CFE248 /* CONQUEST.ttf */,
				85A5EBAD1AE95CFC00CFE248 /* invader1.png */,
				85A5EBAE1AE95CFC00CFE248 /* invader2.png */,
				85A5EBAF1AE95CFC00CFE248 /* invader3.png */,
				85A5EBB01AE95CFC00CFE248 /* laser.mp3 */,
				85A5EBB11AE95CFC00CFE248 /* laser.png */,
				85A5EBB21AE95CFC00CFE248 /* newgamebtn.png */,
				85A5EBB31AE95CFC00CFE248 /* nextlevelbtn.png */,
				85A5EBB41AE95CFC00CFE248 /* player1.png */,
				85A5EBB51AE95CFC00CFE248 /* player2.png */,
				85A5EBB61AE95CFC00CFE248 /* star.png */,
				85A5EBB71AE95CFC00CFE248 /* start_btn.png */,
				85A5EBB81AE95CFC00CFE248 /* ufo.png */,
			);
			path = images;
			sourceTree = "<group>";
		};
/* End PBXGroup section */

/* Begin PBXNativeTarget section */
		85A5EB7F1AE9557700CFE248 /* SwiftInvaders */ = {
			isa = PBXNativeTarget;
			buildConfigurationList = 85A5EBA31AE9557700CFE248 /* Build configuration list for PBXNativeTarget "SwiftInvaders" */;
			buildPhases = (
				85A5EB7C1AE9557700CFE248 /* Sources */,
				85A5EB7D1AE9557700CFE248 /* Frameworks */,
				85A5EB7E1AE9557700CFE248 /* Resources */,
			);
			buildRules = (
			);
			dependencies = (
			);
			name = SwiftInvaders;
			productName = SwiftInvaders;
			productReference = 85A5EB801AE9557700CFE248 /* SwiftInvaders.app */;
			productType = "com.apple.product-type.application";
		};
		85A5EB981AE9557700CFE248 /* SwiftInvadersTests */ = {
			isa = PBXNativeTarget;
			buildConfigurationList = 85A5EBA61AE9557700CFE248 /* Build configuration list for PBXNativeTarget "SwiftInvadersTests" */;
			buildPhases = (
				85A5EB951AE9557700CFE248 /* Sources */,
				85A5EB961AE9557700CFE248 /* Frameworks */,
				85A5EB971AE9557700CFE248 /* Resources */,
			);
			buildRules = (
			);
			dependencies = (
				85A5EB9B1AE9557700CFE248 /* PBXTargetDependency */,
			);
			name = SwiftInvadersTests;
			productName = SwiftInvadersTests;
			productReference = 85A5EB991AE9557700CFE248 /* SwiftInvadersTests.xctest */;
			productType = "com.apple.product-type.bundle.unit-test";
		};
/* End PBXNativeTarget section */

/* Begin PBXProject section */
		85A5EB781AE9557700CFE248 /* Project object */ = {
			isa = PBXProject;
			attributes = {
				LastUpgradeCheck = 0620;
				ORGANIZATIONNAME = "Emma Williams";
				TargetAttributes = {
					85A5EB7F1AE9557700CFE248 = {
						CreatedOnToolsVersion = 6.2;
					};
					85A5EB981AE9557700CFE248 = {
						CreatedOnToolsVersion = 6.2;
						TestTargetID = 85A5EB7F1AE9557700CFE248;
					};
				};
			};
			buildConfigurationList = 85A5EB7B1AE9557700CFE248 /* Build configuration list for PBXProject "SwiftInvaders" */;
			compatibilityVersion = "Xcode 3.2";
			developmentRegion = English;
			hasScannedForEncodings = 0;
			knownRegions = (
				en,
				Base,
			);
			mainGroup = 85A5EB771AE9557700CFE248;
			productRefGroup = 85A5EB811AE9557700CFE248 /* Products */;
			projectDirPath = "";
			projectRoot = "";
			targets = (
				85A5EB7F1AE9557700CFE248 /* SwiftInvaders */,
				85A5EB981AE9557700CFE248 /* SwiftInvadersTests */,
			);
		};
/* End PBXProject section */

/* Begin PBXResourcesBuildPhase section */
		85A5EB7E1AE9557700CFE248 /* Resources */ = {
			isa = PBXResourcesBuildPhase;
			buildActionMask = 2147483647;
			files = (
				85A5EBC11AE95CFC00CFE248 /* player1.png in Resources */,
				85A5EBDB1AE99EC100CFE248 /* spark.png in Resources */,
				85A5EB941AE9557700CFE248 /* LaunchScreen.xib in Resources */,
				85A5EB911AE9557700CFE248 /* Images.xcassets in Resources */,
				85A5EBBE1AE95CFC00CFE248 /* laser.png in Resources */,
				85A5EBC51AE95CFC00CFE248 /* ufo.png in Resources */,
				85A5EBBF1AE95CFC00CFE248 /* newgamebtn.png in Resources */,
				85A5EBBC1AE95CFC00CFE248 /* invader3.png in Resources */,
				85A5EBB91AE95CFC00CFE248 /* CONQUEST.ttf in Resources */,
				85A5EBBA1AE95CFC00CFE248 /* invader1.png in Resources */,
				85A5EBC41AE95CFC00CFE248 /* start_btn.png in Resources */,
				85A5EBC01AE95CFC00CFE248 /* nextlevelbtn.png in Resources */,
				85A5EBBB1AE95CFC00CFE248 /* invader2.png in Resources */,
				85A5EBC21AE95CFC00CFE248 /* player2.png in Resources */,
				85A5EBC31AE95CFC00CFE248 /* star.png in Resources */,
				85A5EBBD1AE95CFC00CFE248 /* laser.mp3 in Resources */,
				85A5EBDA1AE99EC100CFE248 /* StarField.sks in Resources */,
				85A5EB8F1AE9557700CFE248 /* Main.storyboard in Resources */,
			);
			runOnlyForDeploymentPostprocessing = 0;
		};
		85A5EB971AE9557700CFE248 /* Resources */ = {
			isa = PBXResourcesBuildPhase;
			buildActionMask = 2147483647;
			files = (
			);
			runOnlyForDeploymentPostprocessing = 0;
		};
/* End PBXResourcesBuildPhase section */

/* Begin PBXSourcesBuildPhase section */
		85A5EB7C1AE9557700CFE248 /* Sources */ = {
			isa = PBXSourcesBuildPhase;
			buildActionMask = 2147483647;
			files = (
				85A5EBD31AE9970700CFE248 /* PlayerBullet.swift in Sources */,
				85A5EB8A1AE9557700CFE248 /* GameScene.swift in Sources */,
				85A5EBAA1AE958CA00CFE248 /* StartGameScene.swift in Sources */,
				85A5EBD71AE99DC700CFE248 /* LevelCompleteScene.swift in Sources */,
				85A5EBC71AE9905500CFE248 /* Invader.swift in Sources */,
				85A5EBCB1AE9964C00CFE248 /* Bullet.swift in Sources */,
				85A5EB8C1AE9557700CFE248 /* GameViewController.swift in Sources */,
				85A5EBC91AE9957F00CFE248 /* Player.swift in Sources */,
				85A5EB861AE9557700CFE248 /* AppDelegate.swift in Sources */,
				85A5EBD51AE998FD00CFE248 /* Utilities.swift in Sources */,
				85A5EBDD1AE99FDB00CFE248 /* PulsatingText.swift in Sources */,
				85A5EBD11AE996D900CFE248 /* InvaderBullet.swift in Sources */,
			);
			runOnlyForDeploymentPostprocessing = 0;
		};
		85A5EB951AE9557700CFE248 /* Sources */ = {
			isa = PBXSourcesBuildPhase;
			buildActionMask = 2147483647;
			files = (
				85A5EBA01AE9557700CFE248 /* SwiftInvadersTests.swift in Sources */,
			);
			runOnlyForDeploymentPostprocessing = 0;
		};
/* End PBXSourcesBuildPhase section */

/* Begin PBXTargetDependency section */
		85A5EB9B1AE9557700CFE248 /* PBXTargetDependency */ = {
			isa = PBXTargetDependency;
			target = 85A5EB7F1AE9557700CFE248 /* SwiftInvaders */;
			targetProxy = 85A5EB9A1AE9557700CFE248 /* PBXContainerItemProxy */;
		};
/* End PBXTargetDependency section */

/* Begin PBXVariantGroup section */
		85A5EB8D1AE9557700CFE248 /* Main.storyboard */ = {
			isa = PBXVariantGroup;
			children = (
				85A5EB8E1AE9557700CFE248 /* Base */,
			);
			name = Main.storyboard;
			sourceTree = "<group>";
		};
		85A5EB921AE9557700CFE248 /* LaunchScreen.xib */ = {
			isa = PBXVariantGroup;
			children = (
				85A5EB931AE9557700CFE248 /* Base */,
			);
			name = LaunchScreen.xib;
			sourceTree = "<group>";
		};
/* End PBXVariantGroup section */

/* Begin XCBuildConfiguration section */
		85A5EBA11AE9557700CFE248 /* Debug */ = {
			isa = XCBuildConfiguration;
			buildSettings = {
				ALWAYS_SEARCH_USER_PATHS = NO;
				CLANG_CXX_LANGUAGE_STANDARD = "gnu++0x";
				CLANG_CXX_LIBRARY = "libc++";
				CLANG_ENABLE_MODULES = YES;
				CLANG_ENABLE_OBJC_ARC = YES;
				CLANG_WARN_BOOL_CONVERSION = YES;
				CLANG_WARN_CONSTANT_CONVERSION = YES;
				CLANG_WARN_DIRECT_OBJC_ISA_USAGE = YES_ERROR;
				CLANG_WARN_EMPTY_BODY = YES;
				CLANG_WARN_ENUM_CONVERSION = YES;
				CLANG_WARN_INT_CONVERSION = YES;
				CLANG_WARN_OBJC_ROOT_CLASS = YES_ERROR;
				CLANG_WARN_UNREACHABLE_CODE = YES;
				CLANG_WARN__DUPLICATE_METHOD_MATCH = YES;
				"CODE_SIGN_IDENTITY[sdk=iphoneos*]" = "iPhone Developer";
				COPY_PHASE_STRIP = NO;
				ENABLE_STRICT_OBJC_MSGSEND = YES;
				GCC_C_LANGUAGE_STANDARD = gnu99;
				GCC_DYNAMIC_NO_PIC = NO;
				GCC_OPTIMIZATION_LEVEL = 0;
				GCC_PREPROCESSOR_DEFINITIONS = (
					"DEBUG=1",
					"$(inherited)",
				);
				GCC_SYMBOLS_PRIVATE_EXTERN = NO;
				GCC_WARN_64_TO_32_BIT_CONVERSION = YES;
				GCC_WARN_ABOUT_RETURN_TYPE = YES_ERROR;
				GCC_WARN_UNDECLARED_SELECTOR = YES;
				GCC_WARN_UNINITIALIZED_AUTOS = YES_AGGRESSIVE;
				GCC_WARN_UNUSED_FUNCTION = YES;
				GCC_WARN_UNUSED_VARIABLE = YES;
				IPHONEOS_DEPLOYMENT_TARGET = 8.2;
				MTL_ENABLE_DEBUG_INFO = YES;
				ONLY_ACTIVE_ARCH = YES;
				SDKROOT = iphoneos;
				SWIFT_OPTIMIZATION_LEVEL = "-Onone";
			};
			name = Debug;
		};
		85A5EBA21AE9557700CFE248 /* Release */ = {
			isa = XCBuildConfiguration;
			buildSettings = {
				ALWAYS_SEARCH_USER_PATHS = NO;
				CLANG_CXX_LANGUAGE_STANDARD = "gnu++0x";
				CLANG_CXX_LIBRARY = "libc++";
				CLANG_ENABLE_MODULES = YES;
				CLANG_ENABLE_OBJC_ARC = YES;
				CLANG_WARN_BOOL_CONVERSION = YES;
				CLANG_WARN_CONSTANT_CONVERSION = YES;
				CLANG_WARN_DIRECT_OBJC_ISA_USAGE = YES_ERROR;
				CLANG_WARN_EMPTY_BODY = YES;
				CLANG_WARN_ENUM_CONVERSION = YES;
				CLANG_WARN_INT_CONVERSION = YES;
				CLANG_WARN_OBJC_ROOT_CLASS = YES_ERROR;
				CLANG_WARN_UNREACHABLE_CODE = YES;
				CLANG_WARN__DUPLICATE_METHOD_MATCH = YES;
				"CODE_SIGN_IDENTITY[sdk=iphoneos*]" = "iPhone Developer";
				COPY_PHASE_STRIP = NO;
				ENABLE_NS_ASSERTIONS = NO;
				ENABLE_STRICT_OBJC_MSGSEND = YES;
				GCC_C_LANGUAGE_STANDARD = gnu99;
				GCC_WARN_64_TO_32_BIT_CONVERSION = YES;
				GCC_WARN_ABOUT_RETURN_TYPE = YES_ERROR;
				GCC_WARN_UNDECLARED_SELECTOR = YES;
				GCC_WARN_UNINITIALIZED_AUTOS = YES_AGGRESSIVE;
				GCC_WARN_UNUSED_FUNCTION = YES;
				GCC_WARN_UNUSED_VARIABLE = YES;
				IPHONEOS_DEPLOYMENT_TARGET = 8.2;
				MTL_ENABLE_DEBUG_INFO = NO;
				SDKROOT = iphoneos;
				VALIDATE_PRODUCT = YES;
			};
			name = Release;
		};
		85A5EBA41AE9557700CFE248 /* Debug */ = {
			isa = XCBuildConfiguration;
			buildSettings = {
				ASSETCATALOG_COMPILER_APPICON_NAME = AppIcon;
				INFOPLIST_FILE = SwiftInvaders/Info.plist;
				IPHONEOS_DEPLOYMENT_TARGET = 8.2;
				LD_RUNPATH_SEARCH_PATHS = "$(inherited) @executable_path/Frameworks";
				PRODUCT_NAME = "$(TARGET_NAME)";
			};
			name = Debug;
		};
		85A5EBA51AE9557700CFE248 /* Release */ = {
			isa = XCBuildConfiguration;
			buildSettings = {
				ASSETCATALOG_COMPILER_APPICON_NAME = AppIcon;
				INFOPLIST_FILE = SwiftInvaders/Info.plist;
				IPHONEOS_DEPLOYMENT_TARGET = 8.2;
				LD_RUNPATH_SEARCH_PATHS = "$(inherited) @executable_path/Frameworks";
				PRODUCT_NAME = "$(TARGET_NAME)";
			};
			name = Release;
		};
		85A5EBA71AE9557700CFE248 /* Debug */ = {
			isa = XCBuildConfiguration;
			buildSettings = {
				BUNDLE_LOADER = "$(TEST_HOST)";
				FRAMEWORK_SEARCH_PATHS = (
					"$(SDKROOT)/Developer/Library/Frameworks",
					"$(inherited)",
				);
				GCC_PREPROCESSOR_DEFINITIONS = (
					"DEBUG=1",
					"$(inherited)",
				);
				INFOPLIST_FILE = SwiftInvadersTests/Info.plist;
				LD_RUNPATH_SEARCH_PATHS = "$(inherited) @executable_path/Frameworks @loader_path/Frameworks";
				PRODUCT_NAME = "$(TARGET_NAME)";
				TEST_HOST = "$(BUILT_PRODUCTS_DIR)/SwiftInvaders.app/SwiftInvaders";
			};
			name = Debug;
		};
		85A5EBA81AE9557700CFE248 /* Release */ = {
			isa = XCBuildConfiguration;
			buildSettings = {
				BUNDLE_LOADER = "$(TEST_HOST)";
				FRAMEWORK_SEARCH_PATHS = (
					"$(SDKROOT)/Developer/Library/Frameworks",
					"$(inherited)",
				);
				INFOPLIST_FILE = SwiftInvadersTests/Info.plist;
				LD_RUNPATH_SEARCH_PATHS = "$(inherited) @executable_path/Frameworks @loader_path/Frameworks";
				PRODUCT_NAME = "$(TARGET_NAME)";
				TEST_HOST = "$(BUILT_PRODUCTS_DIR)/SwiftInvaders.app/SwiftInvaders";
			};
			name = Release;
		};
/* End XCBuildConfiguration section */

/* Begin XCConfigurationList section */
		85A5EB7B1AE9557700CFE248 /* Build configuration list for PBXProject "SwiftInvaders" */ = {
			isa = XCConfigurationList;
			buildConfigurations = (
				85A5EBA11AE9557700CFE248 /* Debug */,
				85A5EBA21AE9557700CFE248 /* Release */,
			);
			defaultConfigurationIsVisible = 0;
			defaultConfigurationName = Release;
		};
		85A5EBA31AE9557700CFE248 /* Build configuration list for PBXNativeTarget "SwiftInvaders" */ = {
			isa = XCConfigurationList;
			buildConfigurations = (
				85A5EBA41AE9557700CFE248 /* Debug */,
				85A5EBA51AE9557700CFE248 /* Release */,
			);
			defaultConfigurationIsVisible = 0;
		};
		85A5EBA61AE9557700CFE248 /* Build configuration list for PBXNativeTarget "SwiftInvadersTests" */ = {
			isa = XCConfigurationList;
			buildConfigurations = (
				85A5EBA71AE9557700CFE248 /* Debug */,
				85A5EBA81AE9557700CFE248 /* Release */,
			);
			defaultConfigurationIsVisible = 0;
		};
/* End XCConfigurationList section */
	};
	rootObject = 85A5EB781AE9557700CFE248 /* Project object */;
}
